
Microsoft Visual Studio Solution File, Format Version 12.00
# Visual Studio Version 17
VisualStudioVersion = 17.3.32929.385
MinimumVisualStudioVersion = 10.0.40219.1
Project("{FAE04EC0-301F-11D3-BF4B-00C04F79EFBC}") = "WebApplication1", "WebApplication1.csproj", "{97ADF738-74AB-4448-9D39-424D15342C84}"
EndProject
Global
	GlobalSection(SolutionConfigurationPlatforms) = preSolution
		Debug|Any CPU = Debug|Any CPU
		Release|Any CPU = Release|Any CPU
	EndGlobalSection
	GlobalSection(ProjectConfigurationPlatforms) = postSolution
		{97ADF738-74AB-4448-9D39-424D15342C84}.Debug|Any CPU.ActiveCfg = Debug|Any CPU
		{97ADF738-74AB-4448-9D39-424D15342C84}.Debug|Any CPU.Build.0 = Debug|Any CPU
		{97ADF738-74AB-4448-9D39-424D15342C84}.Release|Any CPU.ActiveCfg = Release|Any CPU
		{97ADF738-74AB-4448-9D39-424D15342C84}.Release|Any CPU.Build.0 = Release|Any CPU
	EndGlobalSection
	GlobalSection(SolutionProperties) = preSolution
		HideSolutionNode = FALSE
	EndGlobalSection
	GlobalSection(ExtensibilityGlobals) = postSolution
		SolutionGuid = {2A145D86-A714-49BD-B3C0-224725CA2667}
	EndGlobalSection
EndGlobal
